<?xml version="1.0" encoding="utf-8"?>
<Project ToolsVersion="4.0" xmlns="http://schemas.microsoft.com/developer/msbuild/2003">
  <ItemGroup>
    <Filter Include="include">
      <UniqueIdentifier>{89AF369E-F58E-B539-FEA6-40106A051C9B}</UniqueIdentifier>
    </Filter>
    <Filter Include="src">
      <UniqueIdentifier>{2DAB880B-99B4-887C-2230-9F7C8E38947C}</UniqueIdentifier>
    </Filter>
  </ItemGroup>
  <ItemGroup>
    <ClInclude Include="include\AABB.h">
      <Filter>include</Filter>
    </ClInclude>
    <ClInclude Include="include\AndGate.h">
      <Filter>include</Filter>
    </ClInclude>
    <ClInclude Include="include\Application.h">
      <Filter>include</Filter>
    </ClInclude>
    <ClInclude Include="include\Camera.h">
      <Filter>include</Filter>
    </ClInclude>
    <ClInclude Include="include\Door.h">
      <Filter>include</Filter>
    </ClInclude>
    <ClInclude Include="include\Entity.h">
      <Filter>include</Filter>
    </ClInclude>
    <ClInclude Include="include\EnumToString.h">
      <Filter>include</Filter>
    </ClInclude>
    <ClInclude Include="include\IBuffer.h">
      <Filter>include</Filter>
    </ClInclude>
    <ClInclude Include="include\ITexture.h">
      <Filter>include</Filter>
    </ClInclude>
    <ClInclude Include="include\IndexBuffer.h">
      <Filter>include</Filter>
    </ClInclude>
    <ClInclude Include="include\Input.h">
      <Filter>include</Filter>
    </ClInclude>
    <ClInclude Include="include\Lever.h">
      <Filter>include</Filter>
    </ClInclude>
    <ClInclude Include="include\Logging.h">
      <Filter>include</Filter>
    </ClInclude>
    <ClInclude Include="include\LogicGate.h">
      <Filter>include</Filter>
    </ClInclude>
    <ClInclude Include="include\Macros.h">
      <Filter>include</Filter>
    </ClInclude>
    <ClInclude Include="include\Material.h">
      <Filter>include</Filter>
    </ClInclude>
    <ClInclude Include="include\Mesh.h">
      <Filter>include</Filter>
    </ClInclude>
    <ClInclude Include="include\MeshRenderer.h">
      <Filter>include</Filter>
    </ClInclude>
    <ClInclude Include="include\ModelManager.h">
      <Filter>include</Filter>
    </ClInclude>
    <ClInclude Include="include\MorphAnimation.h">
      <Filter>include</Filter>
    </ClInclude>
    <ClInclude Include="include\MorphRenderer.h">
      <Filter>include</Filter>
    </ClInclude>
    <ClInclude Include="include\NotGate.h">
      <Filter>include</Filter>
    </ClInclude>
    <ClInclude Include="include\OrGate.h">
      <Filter>include</Filter>
    </ClInclude>
    <ClInclude Include="include\ParticleSystem.h">
      <Filter>include</Filter>
    </ClInclude>
    <ClInclude Include="include\RendererComponent.h">
      <Filter>include</Filter>
    </ClInclude>
    <ClInclude Include="include\Shader.h">
      <Filter>include</Filter>
    </ClInclude>
    <ClInclude Include="include\Texture2D.h">
      <Filter>include</Filter>
    </ClInclude>
    <ClInclude Include="include\Texture2DData.h">
      <Filter>include</Filter>
    </ClInclude>
    <ClInclude Include="include\TextureEnums.h">
      <Filter>include</Filter>
    </ClInclude>
    <ClInclude Include="include\Transform.h">
      <Filter>include</Filter>
    </ClInclude>
    <ClInclude Include="include\VertexArrayObject.h">
      <Filter>include</Filter>
    </ClInclude>
    <ClInclude Include="include\VertexBuffer.h">
      <Filter>include</Filter>
    </ClInclude>
    <ClInclude Include="include\Wire.h">
      <Filter>include</Filter>
    </ClInclude>
  </ItemGroup>
  <ItemGroup>
    <ClCompile Include="src\AABB.cpp">
      <Filter>src</Filter>
    </ClCompile>
    <ClCompile Include="src\AndGate.cpp">
      <Filter>src</Filter>
    </ClCompile>
    <ClCompile Include="src\Application.cpp">
      <Filter>src</Filter>
    </ClCompile>
    <ClCompile Include="src\Camera.cpp">
      <Filter>src</Filter>
    </ClCompile>
    <ClCompile Include="src\Door.cpp">
      <Filter>src</Filter>
    </ClCompile>
    <ClCompile Include="src\Entity.cpp">
      <Filter>src</Filter>
    </ClCompile>
    <ClCompile Include="src\IBuffer.cpp">
      <Filter>src</Filter>
    </ClCompile>
    <ClCompile Include="src\ITexture.cpp">
      <Filter>src</Filter>
    </ClCompile>
    <ClCompile Include="src\Input.cpp">
      <Filter>src</Filter>
    </ClCompile>
    <ClCompile Include="src\Lever.cpp">
      <Filter>src</Filter>
    </ClCompile>
    <ClCompile Include="src\LogicGate.cpp">
      <Filter>src</Filter>
    </ClCompile>
    <ClCompile Include="src\Material.cpp">
      <Filter>src</Filter>
    </ClCompile>
    <ClCompile Include="src\Mesh.cpp">
      <Filter>src</Filter>
    </ClCompile>
    <ClCompile Include="src\MeshRenderer.cpp">
      <Filter>src</Filter>
    </ClCompile>
    <ClCompile Include="src\ModelManager.cpp">
      <Filter>src</Filter>
    </ClCompile>
    <ClCompile Include="src\MorphAnimation.cpp">
      <Filter>src</Filter>
    </ClCompile>
    <ClCompile Include="src\MorphRenderer.cpp">
      <Filter>src</Filter>
    </ClCompile>
    <ClCompile Include="src\NotGate.cpp">
      <Filter>src</Filter>
    </ClCompile>
    <ClCompile Include="src\OrGate.cpp">
      <Filter>src</Filter>
    </ClCompile>
    <ClCompile Include="src\ParticleSystem.cpp">
      <Filter>src</Filter>
    </ClCompile>
    <ClCompile Include="src\Shader.cpp">
      <Filter>src</Filter>
    </ClCompile>
    <ClCompile Include="src\Texture2D.cpp">
      <Filter>src</Filter>
    </ClCompile>
    <ClCompile Include="src\Texture2DData.cpp">
      <Filter>src</Filter>
    </ClCompile>
    <ClCompile Include="src\Transform.cpp">
      <Filter>src</Filter>
    </ClCompile>
    <ClCompile Include="src\VertexArrayObject.cpp">
      <Filter>src</Filter>
    </ClCompile>
    <ClCompile Include="src\Wire.cpp">
      <Filter>src</Filter>
    </ClCompile>
  </ItemGroup>
</Project>